Microsoft Visual Studio Solution File, Format Version 12.00
# Visual Studio 15
VisualStudioVersion = 15.0.27004.2002
MinimumVisualStudioVersion = 10.0.40219.1
Project("{FAE04EC0-301F-11D3-BF4B-00C04F79EFBC}") = "TAILS", "TAILS\TAILS.csproj", "{39517709-F270-4D28-9B9F-2E70C9927B65}"
EndProject
Project("{FAE04EC0-301F-11D3-BF4B-00C04F79EFBC}") = "TAILS.UnitTests", "Tails.UnitTests\TAILS.UnitTests.csproj", "{1570FD15-C9DD-4365-A7EC-4960923DCB9F}"
EndProject
Global
	GlobalSection(SolutionConfigurationPlatforms) = preSolution
		Debug|Any CPU = Debug|Any CPU
		Debug|x86 = Debug|x86
		Release|Any CPU = Release|Any CPU
		Release|x86 = Release|x86
	EndGlobalSection
	GlobalSection(ProjectConfigurationPlatforms) = postSolution
		{39517709-F270-4D28-9B9F-2E70C9927B65}.Debug|Any CPU.ActiveCfg = Debug|x86
		{39517709-F270-4D28-9B9F-2E70C9927B65}.Debug|Any CPU.Build.0 = Debug|x86
		{39517709-F270-4D28-9B9F-2E70C9927B65}.Debug|x86.ActiveCfg = Debug|x86
		{39517709-F270-4D28-9B9F-2E70C9927B65}.Debug|x86.Build.0 = Debug|x86
		{39517709-F270-4D28-9B9F-2E70C9927B65}.Release|Any CPU.ActiveCfg = Release|x86
		{39517709-F270-4D28-9B9F-2E70C9927B65}.Release|x86.ActiveCfg = Release|x86
		{39517709-F270-4D28-9B9F-2E70C9927B65}.Release|x86.Build.0 = Release|x86
		{1570FD15-C9DD-4365-A7EC-4960923DCB9F}.Debug|Any CPU.ActiveCfg = Debug|Any CPU
		{1570FD15-C9DD-4365-A7EC-4960923DCB9F}.Debug|Any CPU.Build.0 = Debug|Any CPU
		{1570FD15-C9DD-4365-A7EC-4960923DCB9F}.Debug|x86.ActiveCfg = Debug|Any CPU
		{1570FD15-C9DD-4365-A7EC-4960923DCB9F}.Debug|x86.Build.0 = Debug|Any CPU
		{1570FD15-C9DD-4365-A7EC-4960923DCB9F}.Release|Any CPU.ActiveCfg = Release|Any CPU
		{1570FD15-C9DD-4365-A7EC-4960923DCB9F}.Release|Any CPU.Build.0 = Release|Any CPU
		{1570FD15-C9DD-4365-A7EC-4960923DCB9F}.Release|x86.ActiveCfg = Release|Any CPU
		{1570FD15-C9DD-4365-A7EC-4960923DCB9F}.Release|x86.Build.0 = Release|Any CPU
	EndGlobalSection
	GlobalSection(SolutionProperties) = preSolution
		HideSolutionNode = FALSE
	EndGlobalSection
	GlobalSection(ExtensibilityGlobals) = postSolution
		SolutionGuid = {A10A0BB7-470B-4C6B-AF6E-79ED34FEA644}
	EndGlobalSection
EndGlobal
